
Microsoft Visual Studio Solution File, Format Version 12.00
# Visual Studio 2013
VisualStudioVersion = 12.0.31101.0
MinimumVisualStudioVersion = 10.0.40219.1
Project("{FAE04EC0-301F-11D3-BF4B-00C04F79EFBC}") = "HexLight GUI", "HexLight GUI.csproj", "{8EDEC4E2-49B8-448F-BAC9-FBFA42A3E21E}"
	ProjectSection(ProjectDependencies) = postProject
		{E9FA70FB-56C9-446D-93D8-77389E8497FA} = {E9FA70FB-56C9-446D-93D8-77389E8497FA}
	EndProjectSection
EndProject
Project("{FAE04EC0-301F-11D3-BF4B-00C04F79EFBC}") = "SimpleSerialController", "Controllers\SimpleSerialController\SimpleSerialController.csproj", "{F62340CE-D24D-4C66-ADD8-E7430EA21038}"
	ProjectSection(ProjectDependencies) = postProject
		{E9FA70FB-56C9-446D-93D8-77389E8497FA} = {E9FA70FB-56C9-446D-93D8-77389E8497FA}
	EndProjectSection
EndProject
Project("{FAE04EC0-301F-11D3-BF4B-00C04F79EFBC}") = "HexColour", "HexColour\HexColour.csproj", "{E9FA70FB-56C9-446D-93D8-77389E8497FA}"
EndProject
Project("{FAE04EC0-301F-11D3-BF4B-00C04F79EFBC}") = "HexLightController", "Controllers\HexLightController\HexLightController.csproj", "{5BD0BEE5-0CE3-44E7-AA44-426BA019CCF4}"
EndProject
Project("{FAE04EC0-301F-11D3-BF4B-00C04F79EFBC}") = "UnitTests", "UnitTests\UnitTests.csproj", "{89C0D6F2-B58C-4513-A7D0-A34310A15090}"
EndProject
Project("{FAE04EC0-301F-11D3-BF4B-00C04F79EFBC}") = "AnimEngine", "Engines\AnimEngine\AnimEngine.csproj", "{4758E0E7-588B-4C39-9F5A-B5D991C86D2B}"
EndProject
Project("{FAE04EC0-301F-11D3-BF4B-00C04F79EFBC}") = "RowdzEngine", "Engines\RowdzEngine\RowdzEngine.csproj", "{96673B36-BE30-4039-A6FF-15BC675995E0}"
EndProject
Project("{2150E333-8FDC-42A3-9474-1A3956D46DE8}") = "Engines", "Engines", "{4DF62805-5C5A-4C6F-9B2B-21CE25E0DABB}"
EndProject
Project("{2150E333-8FDC-42A3-9474-1A3956D46DE8}") = "Controllers", "Controllers", "{7ABFCFA2-6727-434F-8785-23F00781931A}"
EndProject
Project("{2150E333-8FDC-42A3-9474-1A3956D46DE8}") = "Application", "Application", "{2D53318E-2837-40FA-B540-18D9FA3B52F3}"
EndProject
Global
	GlobalSection(SolutionConfigurationPlatforms) = preSolution
		Debug|Any CPU = Debug|Any CPU
		Release|Any CPU = Release|Any CPU
	EndGlobalSection
	GlobalSection(ProjectConfigurationPlatforms) = postSolution
		{8EDEC4E2-49B8-448F-BAC9-FBFA42A3E21E}.Debug|Any CPU.ActiveCfg = Debug|Any CPU
		{8EDEC4E2-49B8-448F-BAC9-FBFA42A3E21E}.Debug|Any CPU.Build.0 = Debug|Any CPU
		{8EDEC4E2-49B8-448F-BAC9-FBFA42A3E21E}.Release|Any CPU.ActiveCfg = Release|Any CPU
		{8EDEC4E2-49B8-448F-BAC9-FBFA42A3E21E}.Release|Any CPU.Build.0 = Release|Any CPU
		{F62340CE-D24D-4C66-ADD8-E7430EA21038}.Debug|Any CPU.ActiveCfg = Debug|Any CPU
		{F62340CE-D24D-4C66-ADD8-E7430EA21038}.Debug|Any CPU.Build.0 = Debug|Any CPU
		{F62340CE-D24D-4C66-ADD8-E7430EA21038}.Release|Any CPU.ActiveCfg = Release|Any CPU
		{F62340CE-D24D-4C66-ADD8-E7430EA21038}.Release|Any CPU.Build.0 = Release|Any CPU
		{E9FA70FB-56C9-446D-93D8-77389E8497FA}.Debug|Any CPU.ActiveCfg = Debug|Any CPU
		{E9FA70FB-56C9-446D-93D8-77389E8497FA}.Debug|Any CPU.Build.0 = Debug|Any CPU
		{E9FA70FB-56C9-446D-93D8-77389E8497FA}.Release|Any CPU.ActiveCfg = Release|Any CPU
		{E9FA70FB-56C9-446D-93D8-77389E8497FA}.Release|Any CPU.Build.0 = Release|Any CPU
		{5BD0BEE5-0CE3-44E7-AA44-426BA019CCF4}.Debug|Any CPU.ActiveCfg = Debug|Any CPU
		{5BD0BEE5-0CE3-44E7-AA44-426BA019CCF4}.Debug|Any CPU.Build.0 = Debug|Any CPU
		{5BD0BEE5-0CE3-44E7-AA44-426BA019CCF4}.Release|Any CPU.ActiveCfg = Release|Any CPU
		{5BD0BEE5-0CE3-44E7-AA44-426BA019CCF4}.Release|Any CPU.Build.0 = Release|Any CPU
		{89C0D6F2-B58C-4513-A7D0-A34310A15090}.Debug|Any CPU.ActiveCfg = Debug|Any CPU
		{89C0D6F2-B58C-4513-A7D0-A34310A15090}.Debug|Any CPU.Build.0 = Debug|Any CPU
		{89C0D6F2-B58C-4513-A7D0-A34310A15090}.Release|Any CPU.ActiveCfg = Release|Any CPU
		{89C0D6F2-B58C-4513-A7D0-A34310A15090}.Release|Any CPU.Build.0 = Release|Any CPU
		{4758E0E7-588B-4C39-9F5A-B5D991C86D2B}.Debug|Any CPU.ActiveCfg = Debug|Any CPU
		{4758E0E7-588B-4C39-9F5A-B5D991C86D2B}.Debug|Any CPU.Build.0 = Debug|Any CPU
		{4758E0E7-588B-4C39-9F5A-B5D991C86D2B}.Release|Any CPU.ActiveCfg = Release|Any CPU
		{4758E0E7-588B-4C39-9F5A-B5D991C86D2B}.Release|Any CPU.Build.0 = Release|Any CPU
		{96673B36-BE30-4039-A6FF-15BC675995E0}.Debug|Any CPU.ActiveCfg = Debug|Any CPU
		{96673B36-BE30-4039-A6FF-15BC675995E0}.Debug|Any CPU.Build.0 = Debug|Any CPU
		{96673B36-BE30-4039-A6FF-15BC675995E0}.Release|Any CPU.ActiveCfg = Release|Any CPU
		{96673B36-BE30-4039-A6FF-15BC675995E0}.Release|Any CPU.Build.0 = Release|Any CPU
	EndGlobalSection
	GlobalSection(SolutionProperties) = preSolution
		HideSolutionNode = FALSE
	EndGlobalSection
	GlobalSection(NestedProjects) = preSolution
		{8EDEC4E2-49B8-448F-BAC9-FBFA42A3E21E} = {2D53318E-2837-40FA-B540-18D9FA3B52F3}
		{F62340CE-D24D-4C66-ADD8-E7430EA21038} = {7ABFCFA2-6727-434F-8785-23F00781931A}
		{E9FA70FB-56C9-446D-93D8-77389E8497FA} = {2D53318E-2837-40FA-B540-18D9FA3B52F3}
		{5BD0BEE5-0CE3-44E7-AA44-426BA019CCF4} = {7ABFCFA2-6727-434F-8785-23F00781931A}
		{4758E0E7-588B-4C39-9F5A-B5D991C86D2B} = {4DF62805-5C5A-4C6F-9B2B-21CE25E0DABB}
		{96673B36-BE30-4039-A6FF-15BC675995E0} = {4DF62805-5C5A-4C6F-9B2B-21CE25E0DABB}
	EndGlobalSection
EndGlobal
